
Microsoft Visual Studio Solution File, Format Version 12.00
# Visual Studio Version 16
VisualStudioVersion = 16.0.29905.134
MinimumVisualStudioVersion = 10.0.40219.1
Project("{FAE04EC0-301F-11D3-BF4B-00C04F79EFBC}") = "Ordenamiento_Mezcla_Natural", "Ordenamiento_Mezcla_Natural.csproj", "{AE4AC20B-E9CC-4601-BA83-06107660753C}"
EndProject
Global
	GlobalSection(SolutionConfigurationPlatforms) = preSolution
		Debug|Any CPU = Debug|Any CPU
		Release|Any CPU = Release|Any CPU
	EndGlobalSection
	GlobalSection(ProjectConfigurationPlatforms) = postSolution
		{AE4AC20B-E9CC-4601-BA83-06107660753C}.Debug|Any CPU.ActiveCfg = Debug|Any CPU
		{AE4AC20B-E9CC-4601-BA83-06107660753C}.Debug|Any CPU.Build.0 = Debug|Any CPU
		{AE4AC20B-E9CC-4601-BA83-06107660753C}.Release|Any CPU.ActiveCfg = Release|Any CPU
		{AE4AC20B-E9CC-4601-BA83-06107660753C}.Release|Any CPU.Build.0 = Release|Any CPU
	EndGlobalSection
	GlobalSection(SolutionProperties) = preSolution
		HideSolutionNode = FALSE
	EndGlobalSection
	GlobalSection(ExtensibilityGlobals) = postSolution
		SolutionGuid = {0B66E2D1-5152-4AA2-9ED3-E1A85D89E67B}
	EndGlobalSection
EndGlobal
